<?xml version="1.0" encoding="utf-8"?>
<Project ToolsVersion="4.0" xmlns="http://schemas.microsoft.com/developer/msbuild/2003">
  <ItemGroup>
    <Filter Include="Source Files">
      <UniqueIdentifier>{4FC737F1-C7A5-4376-A066-2A32D752A2FF}</UniqueIdentifier>
      <Extensions>cpp;c;cc;cxx;c++;cppm;ixx;def;odl;idl;hpj;bat;asm;asmx</Extensions>
    </Filter>
    <Filter Include="Header Files">
      <UniqueIdentifier>{93995380-89BD-4b04-88EB-625FBE52EBFB}</UniqueIdentifier>
      <Extensions>h;hh;hpp;hxx;h++;hm;inl;inc;ipp;xsd</Extensions>
    </Filter>
    <Filter Include="Resource Files">
      <UniqueIdentifier>{67DA6AB6-F800-4c08-8B7A-83BB121AAD01}</UniqueIdentifier>
      <Extensions>rc;ico;cur;bmp;dlg;rc2;rct;bin;rgs;gif;jpg;jpeg;jpe;resx;tiff;tif;png;wav;mfcribbon-ms</Extensions>
    </Filter>
  </ItemGroup>
  <ItemGroup>
    <ClCompile Include="src\wand.cpp">
      <Filter>Source Files</Filter>
    </ClCompile>
    <ClCompile Include="..\deps\D3D12MemoryAllocator\src\D3D12MemAlloc.cpp">
      <Filter>Source Files</Filter>
    </ClCompile>
    <ClCompile Include="src\sampler.cpp">
      <Filter>Source Files</Filter>
    </ClCompile>
    <ClCompile Include="src\device_child.cpp">
      <Filter>Source Files</Filter>
    </ClCompile>
    <ClCompile Include="src\format.cpp">
      <Filter>Source Files</Filter>
    </ClCompile>
    <ClCompile Include="src\common.cpp">
      <Filter>Source Files</Filter>
    </ClCompile>
    <ClCompile Include="src\resource.cpp">
      <Filter>Source Files</Filter>
    </ClCompile>
    <ClCompile Include="src\buffer.cpp">
      <Filter>Source Files</Filter>
    </ClCompile>
    <ClCompile Include="src\texture.cpp">
      <Filter>Source Files</Filter>
    </ClCompile>
    <ClCompile Include="src\swapchain.cpp">
      <Filter>Source Files</Filter>
    </ClCompile>
    <ClCompile Include="src\fence.cpp">
      <Filter>Source Files</Filter>
    </ClCompile>
    <ClCompile Include="src\pipeline.cpp">
      <Filter>Source Files</Filter>
    </ClCompile>
    <ClCompile Include="src\command_list.cpp">
      <Filter>Source Files</Filter>
    </ClCompile>
    <ClCompile Include="src\descriptor_heap.cpp">
      <Filter>Source Files</Filter>
    </ClCompile>
    <ClCompile Include="src\root_signature_cache.cpp">
      <Filter>Source Files</Filter>
    </ClCompile>
  </ItemGroup>
  <ItemGroup>
    <ClInclude Include="include\wand\wand.hpp">
      <Filter>Header Files</Filter>
    </ClInclude>
    <ClInclude Include="include\wand\util.hpp">
      <Filter>Header Files</Filter>
    </ClInclude>
    <ClInclude Include="include\wand\platforms\d3d12.hpp">
      <Filter>Header Files</Filter>
    </ClInclude>
    <ClInclude Include="include\wand\device_child.hpp">
      <Filter>Header Files</Filter>
    </ClInclude>
    <ClInclude Include="include\wand\sampler.hpp">
      <Filter>Header Files</Filter>
    </ClInclude>
    <ClInclude Include="include\wand\common.hpp">
      <Filter>Header Files</Filter>
    </ClInclude>
    <ClInclude Include="include\wand\format.hpp">
      <Filter>Header Files</Filter>
    </ClInclude>
    <ClInclude Include="include\wand\resource.hpp">
      <Filter>Header Files</Filter>
    </ClInclude>
    <ClInclude Include="include\wand\buffer.hpp">
      <Filter>Header Files</Filter>
    </ClInclude>
    <ClInclude Include="include\wand\texture.hpp">
      <Filter>Header Files</Filter>
    </ClInclude>
    <ClInclude Include="include\wand\swapchain.hpp">
      <Filter>Header Files</Filter>
    </ClInclude>
    <ClInclude Include="include\wand\fence.hpp">
      <Filter>Header Files</Filter>
    </ClInclude>
    <ClInclude Include="include\wand\command_list.hpp">
      <Filter>Header Files</Filter>
    </ClInclude>
    <ClInclude Include="include\wand\pipeline.hpp">
      <Filter>Header Files</Filter>
    </ClInclude>
    <ClInclude Include="include\wand\descriptor_heap.hpp">
      <Filter>Header Files</Filter>
    </ClInclude>
    <ClInclude Include="include\wand\root_signature_cache.hpp">
      <Filter>Header Files</Filter>
    </ClInclude>
    <ClInclude Include="include\wand\resource_state_tracker.hpp">
      <Filter>Header Files</Filter>
    </ClInclude>
    <ClInclude Include="include\wand\barrier.hpp">
      <Filter>Header Files</Filter>
    </ClInclude>
  </ItemGroup>
  <ItemGroup>
    <None Include="packages.config" />
    <None Include="include\wand\util.inl">
      <Filter>Header Files</Filter>
    </None>
    <None Include="include\wand\resource_state_tracker.inl">
      <Filter>Header Files</Filter>
    </None>
  </ItemGroup>
</Project>